
Microsoft Visual Studio Solution File, Format Version 12.00
# Visual Studio Version 16
VisualStudioVersion = 16.0.30516.212
MinimumVisualStudioVersion = 10.0.40219.1
Project("{9A19103F-16F7-4668-BE54-9A1E7A4F7556}") = "Rx-Console-PressKey-POC", "Rx-Console-PressKey-POC.csproj", "{83EBB17A-50E1-4BA2-97CE-3EE67D94D6A8}"
EndProject
Global
	GlobalSection(SolutionConfigurationPlatforms) = preSolution
		Debug|Any CPU = Debug|Any CPU
		Release|Any CPU = Release|Any CPU
	EndGlobalSection
	GlobalSection(ProjectConfigurationPlatforms) = postSolution
		{83EBB17A-50E1-4BA2-97CE-3EE67D94D6A8}.Debug|Any CPU.ActiveCfg = Debug|Any CPU
		{83EBB17A-50E1-4BA2-97CE-3EE67D94D6A8}.Debug|Any CPU.Build.0 = Debug|Any CPU
		{83EBB17A-50E1-4BA2-97CE-3EE67D94D6A8}.Release|Any CPU.ActiveCfg = Release|Any CPU
		{83EBB17A-50E1-4BA2-97CE-3EE67D94D6A8}.Release|Any CPU.Build.0 = Release|Any CPU
	EndGlobalSection
	GlobalSection(SolutionProperties) = preSolution
		HideSolutionNode = FALSE
	EndGlobalSection
	GlobalSection(ExtensibilityGlobals) = postSolution
		SolutionGuid = {F85D4F18-6899-42B3-A791-A0A388C5EAFE}
	EndGlobalSection
EndGlobal
